
Microsoft Visual Studio Solution File, Format Version 12.00
# Visual Studio Version 16
VisualStudioVersion = 25.0.1706.3
MinimumVisualStudioVersion = 10.0.40219.1
Project("{FAE04EC0-301F-11D3-BF4B-00C04F79EFBC}") = "SupereHeroAPI", "SupereHeroAPI\SupereHeroAPI.csproj", "{71702529-BEFB-4F59-9473-5715617C96C5}"
EndProject
Global
	GlobalSection(SolutionConfigurationPlatforms) = preSolution
		Debug|Any CPU = Debug|Any CPU
		Release|Any CPU = Release|Any CPU
	EndGlobalSection
	GlobalSection(ProjectConfigurationPlatforms) = postSolution
		{71702529-BEFB-4F59-9473-5715617C96C5}.Debug|Any CPU.ActiveCfg = Debug|Any CPU
		{71702529-BEFB-4F59-9473-5715617C96C5}.Debug|Any CPU.Build.0 = Debug|Any CPU
		{71702529-BEFB-4F59-9473-5715617C96C5}.Release|Any CPU.ActiveCfg = Release|Any CPU
		{71702529-BEFB-4F59-9473-5715617C96C5}.Release|Any CPU.Build.0 = Release|Any CPU
	EndGlobalSection
	GlobalSection(SolutionProperties) = preSolution
		HideSolutionNode = FALSE
	EndGlobalSection
	GlobalSection(ExtensibilityGlobals) = postSolution
		SolutionGuid = {B895BF19-956D-47BE-9373-68B224F04991}
	EndGlobalSection
EndGlobal
